
Microsoft Visual Studio Solution File, Format Version 12.00
# Visual Studio 15
VisualStudioVersion = 15.0.27428.1
MinimumVisualStudioVersion = 10.0.40219.1
Project("{FAE04EC0-301F-11D3-BF4B-00C04F79EFBC}") = "StockManagementApp", "StockManagementApp\StockManagementApp.csproj", "{7818639F-C8D7-4184-9808-6321FC80E203}"
EndProject
Project("{FAE04EC0-301F-11D3-BF4B-00C04F79EFBC}") = "StockManagement.Models", "StockManagement.Models\StockManagement.Models.csproj", "{45A1A3A9-D94B-40BA-A311-A56B0874D8F0}"
EndProject
Global
	GlobalSection(SolutionConfigurationPlatforms) = preSolution
		Debug|Any CPU = Debug|Any CPU
		Release|Any CPU = Release|Any CPU
	EndGlobalSection
	GlobalSection(ProjectConfigurationPlatforms) = postSolution
		{7818639F-C8D7-4184-9808-6321FC80E203}.Debug|Any CPU.ActiveCfg = Debug|Any CPU
		{7818639F-C8D7-4184-9808-6321FC80E203}.Debug|Any CPU.Build.0 = Debug|Any CPU
		{7818639F-C8D7-4184-9808-6321FC80E203}.Release|Any CPU.ActiveCfg = Release|Any CPU
		{7818639F-C8D7-4184-9808-6321FC80E203}.Release|Any CPU.Build.0 = Release|Any CPU
		{45A1A3A9-D94B-40BA-A311-A56B0874D8F0}.Debug|Any CPU.ActiveCfg = Debug|Any CPU
		{45A1A3A9-D94B-40BA-A311-A56B0874D8F0}.Debug|Any CPU.Build.0 = Debug|Any CPU
		{45A1A3A9-D94B-40BA-A311-A56B0874D8F0}.Release|Any CPU.ActiveCfg = Release|Any CPU
		{45A1A3A9-D94B-40BA-A311-A56B0874D8F0}.Release|Any CPU.Build.0 = Release|Any CPU
	EndGlobalSection
	GlobalSection(SolutionProperties) = preSolution
		HideSolutionNode = FALSE
	EndGlobalSection
	GlobalSection(ExtensibilityGlobals) = postSolution
		SolutionGuid = {CBF0D6ED-E8F2-42CE-B850-1CFBB6D6A195}
	EndGlobalSection
EndGlobal
